# This file is autogenerated, do not edit; changes may be undone by the next 'dep ensure'.


[[projects]]
  branch = "master"
  name = "code.cloudfoundry.org/bbs"
  packages = [".","encryption","events","events/eventfakes","fake_bbs","format","models"]
  revision = "06b8073add2fe1653c92ae2eff7d9dc8b37cb693"

[[projects]]
  branch = "master"
  name = "code.cloudfoundry.org/cfhttp"
  packages = [".","unix_transport"]
  revision = "08baa6b247caf03100a743f6c3c426d28e55336a"

[[projects]]
  branch = "master"
  name = "code.cloudfoundry.org/clock"
  packages = ["."]
  revision = "e9dc86bbf0e5bbe6bf7ff5a6f71e048959b61f71"

[[projects]]
  branch = "master"
  name = "code.cloudfoundry.org/consuladapter"
  packages = ["."]
  revision = "c6d9ccbe0f83c7f3052e8304918f1107d321a39a"

[[projects]]
  branch = "master"
  name = "code.cloudfoundry.org/diego-logging-client"
  packages = ["."]
  revision = "224ad13c3a025d6cd982f37b7774ae5244458e96"

[[projects]]
  name = "code.cloudfoundry.org/go-loggregator"
  packages = [".","rpc/loggregator_v2"]
  revision = "041998b54f880b3e5460fcc4e7d4d77742dc3d86"
  version = "v6.0.0"

[[projects]]
  name = "code.cloudfoundry.org/lager"
  packages = ["."]
  revision = "0bfa98e49e7a976af91e918d47978f07c00b081f"
  version = "v1.0.0"

[[projects]]
  branch = "master"
  name = "code.cloudfoundry.org/locket"
  packages = [".","lock","models","models/modelsfakes"]
  revision = "8fc918cd895b4b6f0abe7e102bd6c1a4f8e60960"

[[projects]]
  name = "github.com/Sirupsen/logrus"
  packages = ["."]
  revision = "c155da19408a8799da419ed3eeb0cb5db0ad5dbc"
  version = "v1.0.5"

[[projects]]
  branch = "master"
  name = "github.com/bmizerany/pat"
  packages = ["."]
  revision = "6226ea591a40176dd3ff9cd8eff81ed6ca721a00"

[[projects]]
  branch = "master"
  name = "github.com/cenkalti/hub"
  packages = ["."]
  revision = "11382a9960d39b0ecda16fd01c424c11ff765a34"

[[projects]]
  branch = "master"
  name = "github.com/cenkalti/rpc2"
  packages = [".","jsonrpc"]
  revision = "c51a77e5f664b4a8a69bce4270d14204f94d51f9"

[[projects]]
  branch = "master"
  name = "github.com/cloudfoundry-community/go-cfclient"
  packages = ["."]
  revision = "992119ebf08b760f9836b9eddc52721d9318c060"

[[projects]]
  branch = "master"
  name = "github.com/cloudfoundry/gofileutils"
  packages = ["fileutils"]
  revision = "4d0c80011a0f37da1711c184028bc40137cd45af"

[[projects]]
  branch = "master"
  name = "github.com/cloudfoundry/sonde-go"
  packages = ["events"]
  revision = "b33733203bb48d7c56de7cb639d77f78b0449d19"

[[projects]]
  name = "github.com/containernetworking/cni"
  packages = ["pkg/invoke","pkg/skel","pkg/types","pkg/types/020","pkg/types/current","pkg/version"]
  revision = "a7885cb6f8ab03fba07852ded351e4f5e7a112bf"
  version = "v0.6.0"

[[projects]]
  name = "github.com/containernetworking/plugins"
  packages = ["pkg/ip","pkg/ipam","pkg/ns","pkg/utils/hwaddr"]
  revision = "7480240de9749f9a0a5c8614b17f1f03e0c06ab9"
  version = "v0.6.0"

[[projects]]
  name = "github.com/coreos/go-iptables"
  packages = ["iptables"]
  revision = "b5b1876b170881a8259f036445ee89c8669db386"
  version = "v0.3.0"

[[projects]]
  name = "github.com/davecgh/go-spew"
  packages = ["spew"]
  revision = "346938d642f2ec3594ed81d874461961cd0faa76"
  version = "v1.1.0"

[[projects]]
  branch = "master"
  name = "github.com/docker/distribution"
  packages = ["digestset","reference"]
  revision = "83389a148052d74ac602f5f1d62f86ff2f3c4aa5"

[[projects]]
  name = "github.com/fsnotify/fsnotify"
  packages = ["."]
  revision = "c2828203cd70a50dcccfb2761f8b1f8ceef9a8e9"
  version = "v1.4.7"

[[projects]]
  name = "github.com/ghodss/yaml"
  packages = ["."]
  revision = "0ca9ea5df5451ffdf184b4428c902747c2c11cd7"
  version = "v1.0.0"

[[projects]]
  name = "github.com/go-sql-driver/mysql"
  packages = ["."]
  revision = "a0583e0143b1624142adab07e0e97fe106d99561"
  version = "v1.3"

[[projects]]
  name = "github.com/gogo/protobuf"
  packages = ["gogoproto","proto","protoc-gen-gogo/descriptor","sortkeys"]
  revision = "1adfc126b41513cc696b209667c8656ea7aac67c"
  version = "v1.0.0"

[[projects]]
  branch = "master"
  name = "github.com/golang/glog"
  packages = ["."]
  revision = "23def4e6c14b4da8ac2ed8007337bc5eb5007998"

[[projects]]
  branch = "master"
  name = "github.com/golang/groupcache"
  packages = ["lru"]
  revision = "66deaeb636dff1ac7d938ce666d090556056a4b0"

[[projects]]
  name = "github.com/golang/protobuf"
  packages = ["proto","ptypes","ptypes/any","ptypes/duration","ptypes/timestamp"]
  revision = "925541529c1fa6821df4e44ce2723319eb2be768"
  version = "v1.0.0"

[[projects]]
  branch = "master"
  name = "github.com/google/btree"
  packages = ["."]
  revision = "e89373fe6b4a7413d7acd6da1725b83ef713e6e4"

[[projects]]
  branch = "master"
  name = "github.com/google/gofuzz"
  packages = ["."]
  revision = "24818f796faf91cd76ec7bddd72458fbced7a6c1"

[[projects]]
  name = "github.com/googleapis/gnostic"
  packages = ["OpenAPIv2","compiler","extensions"]
  revision = "ee43cbb60db7bd22502942cccbc39059117352ab"
  version = "v0.1.0"

[[projects]]
  name = "github.com/gorilla/websocket"
  packages = ["."]
  revision = "ea4d1f681babbce9545c9c5f3d5194a789c89f5b"
  version = "v1.2.0"

[[projects]]
  branch = "master"
  name = "github.com/gregjones/httpcache"
  packages = [".","diskcache"]
  revision = "9cad4c3443a7200dd6400aef47183728de563a38"

[[projects]]
  name = "github.com/hashicorp/consul"
  packages = ["api"]
  revision = "9a494b5fb9c86180a5702e29c485df1507a47198"
  version = "v1.0.6"

[[projects]]
  branch = "master"
  name = "github.com/hashicorp/go-cleanhttp"
  packages = ["."]
  revision = "d5fe4b57a186c716b0e00b8c301cbd9b4182694d"

[[projects]]
  branch = "master"
  name = "github.com/hashicorp/go-rootcerts"
  packages = ["."]
  revision = "6bb64b370b90e7ef1fa532be9e591a81c3493e00"

[[projects]]
  branch = "master"
  name = "github.com/hashicorp/golang-lru"
  packages = [".","simplelru"]
  revision = "0fb14efe8c47ae851c0034ed7a448854d3d34cf3"

[[projects]]
  branch = "master"
  name = "github.com/hashicorp/hcl"
  packages = [".","hcl/ast","hcl/parser","hcl/printer","hcl/scanner","hcl/strconv","hcl/token","json/parser","json/scanner","json/token"]
  revision = "f40e974e75af4e271d97ce0fc917af5898ae7bda"

[[projects]]
  name = "github.com/hashicorp/serf"
  packages = ["coordinate"]
  revision = "d6574a5bb1226678d7010325fb6c985db20ee458"
  version = "v0.8.1"

[[projects]]
  branch = "master"
  name = "github.com/howeyc/gopass"
  packages = ["."]
  revision = "bf9dde6d0d2c004a008c27aaee91170c786f6db8"

[[projects]]
  name = "github.com/imdario/mergo"
  packages = ["."]
  revision = "163f41321a19dd09362d4c63cc2489db2015f1f4"
  version = "0.3.2"

[[projects]]
  name = "github.com/inconshreveable/mousetrap"
  packages = ["."]
  revision = "76626ae9c91c4f2a10f34cad8ce83ea42c93bb75"
  version = "v1.0"

[[projects]]
  name = "github.com/json-iterator/go"
  packages = ["."]
  revision = "ca39e5af3ece67bbcda3d0f4f56a8e24d9f2dad4"
  version = "1.1.3"

[[projects]]
  branch = "master"
  name = "github.com/juju/ratelimit"
  packages = ["."]
  revision = "f60b32039441cd828005f82f3a54aafd00bc9882"

[[projects]]
  name = "github.com/magiconair/properties"
  packages = ["."]
  revision = "c3beff4c2358b44d0493c7dda585e7db7ff28ae6"
  version = "v1.7.6"

[[projects]]
  branch = "master"
  name = "github.com/mailru/easyjson"
  packages = [".","buffer","jlexer","jwriter"]
  revision = "8b799c424f57fa123fc63a99d6383bc6e4c02578"

[[projects]]
  name = "github.com/mattn/go-sqlite3"
  packages = ["."]
  revision = "6c771bb9887719704b210e87e934f08be014bdb1"
  version = "v1.6.0"

[[projects]]
  branch = "master"
  name = "github.com/mitchellh/go-homedir"
  packages = ["."]
  revision = "b8bc1bf767474819792c23f32d8286a45736f1c6"

[[projects]]
  branch = "master"
  name = "github.com/mitchellh/mapstructure"
  packages = ["."]
  revision = "00c29f56e2386353d58c599509e8dc3801b0d716"

[[projects]]
  name = "github.com/modern-go/concurrent"
  packages = ["."]
  revision = "bacd9c7ef1dd9b15be4a9909b8ac7a4e313eec94"
  version = "1.0.3"

[[projects]]
  name = "github.com/modern-go/reflect2"
  packages = ["."]
  revision = "1df9eeb2bb81f327b96228865c5687bc2194af3f"
  version = "1.0.0"

[[projects]]
  name = "github.com/natefinch/pie"
  packages = ["."]
  revision = "9a0d7201400759b777f38c0c2d7b0be4e3e8b5c9"
  version = "v1.0"

[[projects]]
  branch = "master"
  name = "github.com/nu7hatch/gouuid"
  packages = ["."]
  revision = "179d4d0c4d8d407a32af483c2354df1d2c91e6c3"

[[projects]]
  name = "github.com/opencontainers/go-digest"
  packages = ["."]
  revision = "279bed98673dd5bef374d3b6e4b09e2af76183bf"
  version = "v1.0.0-rc1"

[[projects]]
  name = "github.com/pelletier/go-toml"
  packages = ["."]
  revision = "acdc4509485b587f5e675510c4f2c63e90ff68a8"
  version = "v1.1.0"

[[projects]]
  branch = "master"
  name = "github.com/petar/GoLLRB"
  packages = ["llrb"]
  revision = "53be0d36a84c2a886ca057d34b6aa4468df9ccb4"

[[projects]]
  name = "github.com/peterbourgon/diskv"
  packages = ["."]
  revision = "5f041e8faa004a95c88a202771f4cc3e991971e6"
  version = "v2.0.1"

[[projects]]
  name = "github.com/pkg/errors"
  packages = ["."]
  revision = "645ef00459ed84a119197bfb8d8205042c6df63d"
  version = "v0.8.0"

[[projects]]
  name = "github.com/pmezard/go-difflib"
  packages = ["difflib"]
  revision = "792786c7400a136282c1664665ae0a8db921c6c2"
  version = "v1.0.0"

[[projects]]
  branch = "master"
  name = "github.com/socketplane/libovsdb"
  packages = ["."]
  revision = "4de3618546deba09d8875d719752db32bd4652c0"

[[projects]]
  name = "github.com/spf13/afero"
  packages = [".","mem"]
  revision = "bb8f1927f2a9d3ab41c9340aa034f6b803f4359c"
  version = "v1.0.2"

[[projects]]
  name = "github.com/spf13/cast"
  packages = ["."]
  revision = "8965335b8c7107321228e3e3702cab9832751bac"
  version = "v1.2.0"

[[projects]]
  branch = "master"
  name = "github.com/spf13/cobra"
  packages = ["."]
  revision = "a1f051bc3eba734da4772d60e2d677f47cf93ef4"

[[projects]]
  branch = "master"
  name = "github.com/spf13/jwalterweatherman"
  packages = ["."]
  revision = "7c0cea34c8ece3fbeb2b27ab9b59511d360fb394"

[[projects]]
  name = "github.com/spf13/pflag"
  packages = ["."]
  revision = "e57e3eeb33f795204c1ca35f56c44f83227c6e66"
  version = "v1.0.0"

[[projects]]
  name = "github.com/spf13/viper"
  packages = ["."]
  revision = "13df72109047b6ae9c907bce81e327265d6d8a9c"
  version = "v1.7.0"

[[projects]]
  name = "github.com/stretchr/objx"
  packages = ["."]
  revision = "facf9a85c22f48d2f52f2380e4efce1768749a89"
  version = "v0.1"

[[projects]]
  name = "github.com/stretchr/testify"
  packages = ["assert","mock"]
  revision = "12b6f73e6084dad08a7c6e575284b177ecafbc71"
  version = "v1.2.1"

[[projects]]
  name = "github.com/subosito/gotenv"
  packages = ["."]
  revision = "2ef7124db659d49edac6aa459693a15ae36c671a"
  version = "v1.2.0"

[[projects]]
  branch = "master"
  name = "github.com/tatsushid/go-fastping"
  packages = ["."]
  revision = "d7bb493dee3e090e2ffb6914adddf17c1e7c026c"

[[projects]]
  name = "github.com/tedsuo/rata"
  packages = ["."]
  revision = "0649c23705dfb45a9693b668c4fc1c0666f485d9"
  version = "v1.0.0"

[[projects]]
  branch = "master"
  name = "github.com/vishvananda/netlink"
  packages = [".","nl"]
  revision = "f504738125a57f35f87fc30fb69b8df75237ccde"

[[projects]]
  branch = "master"
  name = "github.com/vishvananda/netns"
  packages = ["."]
  revision = "be1fbeda19366dea804f00efff2dd73a1642fdcc"

[[projects]]
  branch = "master"
  name = "github.com/vito/go-sse"
  packages = ["sse"]
  revision = "fd69d275caac5d78d793e77ddbe9bd2001d9b88d"

[[projects]]
  branch = "master"
  name = "github.com/yl2chen/cidranger"
  packages = [".","net"]
  revision = "928b519e5268fe386d0f7decce320205cc09ca95"

[[projects]]
  branch = "master"
  name = "golang.org/x/crypto"
  packages = ["ed25519","ed25519/internal/edwards25519","ssh/terminal"]
  revision = "88942b9c40a4c9d203b82b3731787b672d6e809b"

[[projects]]
  branch = "master"
  name = "golang.org/x/net"
  packages = ["bpf","context","context/ctxhttp","http2","http2/hpack","icmp","idna","internal/iana","internal/socket","internal/timeseries","ipv4","ipv6","lex/httplex","trace"]
  revision = "6078986fec03a1dcc236c34816c71b0e05018fda"

[[projects]]
  branch = "master"
  name = "golang.org/x/oauth2"
  packages = [".","clientcredentials","internal"]
  revision = "fdc9e635145ae97e6c2cb777c48305600cf515cb"

[[projects]]
  branch = "master"
  name = "golang.org/x/sys"
  packages = ["unix","windows"]
  revision = "13d03a9a82fba647c21a0ef8fba44a795d0f0835"

[[projects]]
  name = "golang.org/x/text"
  packages = ["collate","collate/build","internal/colltab","internal/gen","internal/tag","internal/triegen","internal/ucd","language","secure/bidirule","transform","unicode/bidi","unicode/cldr","unicode/norm","unicode/rangetable"]
  revision = "f21a4dfb5e38f5895301dc265a8def02365cc3d0"
  version = "v0.3.0"

[[projects]]
  name = "google.golang.org/appengine"
  packages = ["internal","internal/base","internal/datastore","internal/log","internal/remote_api","internal/urlfetch","urlfetch"]
  revision = "150dc57a1b433e64154302bdc40b6bb8aefa313a"
  version = "v1.0.0"

[[projects]]
  branch = "master"
  name = "google.golang.org/genproto"
  packages = ["googleapis/rpc/status"]
  revision = "ab0870e398d5dd054b868c0db1481ab029b9a9f2"

[[projects]]
  name = "google.golang.org/grpc"
  packages = [".","balancer","balancer/base","balancer/roundrobin","codes","connectivity","credentials","encoding","encoding/proto","grpclb/grpc_lb_v1/messages","grpclog","internal","keepalive","metadata","naming","peer","resolver","resolver/dns","resolver/passthrough","stats","status","tap","transport"]
  revision = "afc05b9e1d36f289ea16ba294894486a3e458246"
  version = "v1.11.0"

[[projects]]
  name = "gopkg.in/inf.v0"
  packages = ["."]
  revision = "d2d2541c53f18d2a059457998ce2876cc8e67cbf"
  version = "v0.9.1"

[[projects]]
  name = "gopkg.in/ini.v1"
  packages = ["."]
  revision = "1fc6efb6f20ef065ae00baf7f4fa7722cad0ec34"
  version = "v1.57.0"

[[projects]]
  name = "gopkg.in/square/go-jose.v2"
  packages = [".","cipher","json","jwt"]
  revision = "552e98edab5d620205ff1a8960bf52a5a10aad03"
  version = "v2.1.5"

[[projects]]
  branch = "v2"
  name = "gopkg.in/yaml.v2"
  packages = ["."]
  revision = "4fc5987536ef307a24ca299aee7ae301cde3d221"

[[projects]]
  branch = "release-1.10"
  name = "k8s.io/api"
  packages = ["admissionregistration/v1alpha1","admissionregistration/v1beta1","apps/v1","apps/v1beta1","apps/v1beta2","authentication/v1","authentication/v1beta1","authorization/v1","authorization/v1beta1","autoscaling/v1","autoscaling/v2beta1","batch/v1","batch/v1beta1","batch/v2alpha1","certificates/v1beta1","core/v1","events/v1beta1","extensions/v1beta1","networking/v1","policy/v1beta1","rbac/v1","rbac/v1alpha1","rbac/v1beta1","scheduling/v1alpha1","settings/v1alpha1","storage/v1","storage/v1alpha1","storage/v1beta1"]
  revision = "c699ec51538f0cfd4afa8bfcfe1e0779cafbe666"

[[projects]]
  name = "k8s.io/apiextensions-apiserver"
  packages = ["pkg/features"]
  revision = "a01914bc74d2605fef74a0248d2eec998f0bb093"

[[projects]]
  branch = "release-1.10"
  name = "k8s.io/apimachinery"
  packages = ["pkg/api/equality","pkg/api/errors","pkg/api/meta","pkg/api/resource","pkg/api/validation","pkg/apimachinery","pkg/apimachinery/announced","pkg/apimachinery/registered","pkg/apis/meta/internalversion","pkg/apis/meta/v1","pkg/apis/meta/v1/unstructured","pkg/apis/meta/v1/validation","pkg/apis/meta/v1beta1","pkg/conversion","pkg/conversion/queryparams","pkg/fields","pkg/labels","pkg/runtime","pkg/runtime/schema","pkg/runtime/serializer","pkg/runtime/serializer/json","pkg/runtime/serializer/protobuf","pkg/runtime/serializer/recognizer","pkg/runtime/serializer/streaming","pkg/runtime/serializer/versioning","pkg/selection","pkg/types","pkg/util/cache","pkg/util/clock","pkg/util/diff","pkg/util/errors","pkg/util/framer","pkg/util/intstr","pkg/util/json","pkg/util/mergepatch","pkg/util/net","pkg/util/runtime","pkg/util/sets","pkg/util/strategicpatch","pkg/util/validation","pkg/util/validation/field","pkg/util/wait","pkg/util/yaml","pkg/version","pkg/watch","third_party/forked/golang/json","third_party/forked/golang/reflect"]
  revision = "54101a56dda9a0962bc48751c058eb4c546dcbb9"

[[projects]]
  name = "k8s.io/apiserver"
  packages = ["pkg/authentication/authenticator","pkg/authentication/serviceaccount","pkg/authentication/user","pkg/features","pkg/util/feature"]
  revision = "d955b8a826dde3566e9dc4a51493b4afc1b51a7b"

[[projects]]
  branch = "release-6.0"
  name = "k8s.io/client-go"
  packages = ["discovery","discovery/fake","kubernetes","kubernetes/scheme","kubernetes/typed/admissionregistration/v1alpha1","kubernetes/typed/admissionregistration/v1beta1","kubernetes/typed/apps/v1","kubernetes/typed/apps/v1beta1","kubernetes/typed/apps/v1beta2","kubernetes/typed/authentication/v1","kubernetes/typed/authentication/v1beta1","kubernetes/typed/authorization/v1","kubernetes/typed/authorization/v1beta1","kubernetes/typed/autoscaling/v1","kubernetes/typed/autoscaling/v2beta1","kubernetes/typed/batch/v1","kubernetes/typed/batch/v1beta1","kubernetes/typed/batch/v2alpha1","kubernetes/typed/certificates/v1beta1","kubernetes/typed/core/v1","kubernetes/typed/events/v1beta1","kubernetes/typed/extensions/v1beta1","kubernetes/typed/networking/v1","kubernetes/typed/policy/v1beta1","kubernetes/typed/rbac/v1","kubernetes/typed/rbac/v1alpha1","kubernetes/typed/rbac/v1beta1","kubernetes/typed/scheduling/v1alpha1","kubernetes/typed/settings/v1alpha1","kubernetes/typed/storage/v1","kubernetes/typed/storage/v1alpha1","kubernetes/typed/storage/v1beta1","pkg/version","rest","rest/watch","testing","tools/auth","tools/cache","tools/cache/testing","tools/clientcmd","tools/clientcmd/api","tools/clientcmd/api/latest","tools/clientcmd/api/v1","tools/metrics","tools/pager","tools/record","tools/reference","transport","util/buffer","util/cert","util/flowcontrol","util/homedir","util/integer","util/retry","util/workqueue"]
  revision = "cade0e592a3ad56d0a368d799506a4f566628a2f"

[[projects]]
  branch = "master"
  name = "k8s.io/kube-openapi"
  packages = ["pkg/util/proto"]
  revision = "50ae88d24ede7b8bad68e23c805b5d3da5c8abaf"

[[projects]]
  branch = "release-1.10"
  name = "k8s.io/kubernetes"
  packages = ["pkg/api/legacyscheme","pkg/api/service","pkg/api/v1/pod","pkg/apis/autoscaling","pkg/apis/core","pkg/apis/core/helper","pkg/apis/core/install","pkg/apis/core/pods","pkg/apis/core/v1","pkg/apis/core/v1/helper","pkg/apis/core/validation","pkg/apis/extensions","pkg/apis/networking","pkg/capabilities","pkg/controller","pkg/features","pkg/fieldpath","pkg/kubelet/types","pkg/master/ports","pkg/scheduler/api","pkg/security/apparmor","pkg/serviceaccount","pkg/util/file","pkg/util/hash","pkg/util/net/sets","pkg/util/parsers","pkg/util/pointer","pkg/util/taints"]
  revision = "4223e878ee38e6985eeedfb46c79d2eba3593c82"

[solve-meta]
  analyzer-name = "dep"
  analyzer-version = 1
  inputs-digest = "ec97674d3ea927bd945cb40e580434b791241d3f09c1e0492b0b3e12671b23b4"
  solver-name = "gps-cdcl"
  solver-version = 1
